
Microsoft Visual Studio Solution File, Format Version 12.00
# Visual Studio Version 17
VisualStudioVersion = 17.5.002.0
MinimumVisualStudioVersion = 10.0.40219.1
Project("{9A19103F-16F7-4668-BE54-9A1E7A4F7556}") = "ReactionTime", "ReactionTime.csproj", "{BAD6BFBE-F1A2-467E-BE41-2A21CD72C71F}"
EndProject
Global
	GlobalSection(SolutionConfigurationPlatforms) = preSolution
		Debug|Any CPU = Debug|Any CPU
		Release|Any CPU = Release|Any CPU
	EndGlobalSection
	GlobalSection(ProjectConfigurationPlatforms) = postSolution
		{BAD6BFBE-F1A2-467E-BE41-2A21CD72C71F}.Debug|Any CPU.ActiveCfg = Debug|Any CPU
		{BAD6BFBE-F1A2-467E-BE41-2A21CD72C71F}.Debug|Any CPU.Build.0 = Debug|Any CPU
		{BAD6BFBE-F1A2-467E-BE41-2A21CD72C71F}.Release|Any CPU.ActiveCfg = Release|Any CPU
		{BAD6BFBE-F1A2-467E-BE41-2A21CD72C71F}.Release|Any CPU.Build.0 = Release|Any CPU
	EndGlobalSection
	GlobalSection(SolutionProperties) = preSolution
		HideSolutionNode = FALSE
	EndGlobalSection
	GlobalSection(ExtensibilityGlobals) = postSolution
		SolutionGuid = {8D926430-0E58-42EA-9CE2-EF89DBDB2F56}
	EndGlobalSection
EndGlobal
